// !$*UTF8*$!
{
	archiveVersion = 1;
	classes = {
	};
	objectVersion = 51;
	objects = {

/* Begin PBXBuildFile section */
		1E9BAF0D24645C6400724DC8 /* Constants.swift in Sources */ = {isa = PBXBuildFile; fileRef = 1E9BAF0C24645C6400724DC8 /* Constants.swift */; };
		1E9BAF0F24645EC200724DC8 /* LocationManager.swift in Sources */ = {isa = PBXBuildFile; fileRef = 1E9BAF0E24645EC200724DC8 /* LocationManager.swift */; };
		1ECA22AC245974E900FD445E /* WelcomeViewController.swift in Sources */ = {isa = PBXBuildFile; fileRef = 1ECA22AB245974E900FD445E /* WelcomeViewController.swift */; };
		1ECA22AE2459853700FD445E /* 19311-reskinned-checkmark.json in Resources */ = {isa = PBXBuildFile; fileRef = 1ECA22AD2459853700FD445E /* 19311-reskinned-checkmark.json */; };
		1ECA22B3245990E500FD445E /* LocationConfirmationViewController.swift in Sources */ = {isa = PBXBuildFile; fileRef = 1ECA22B2245990E500FD445E /* LocationConfirmationViewController.swift */; };
		1ECA22B72459C36F00FD445E /* 4970-unapproved-cross.json in Resources */ = {isa = PBXBuildFile; fileRef = 1ECA22B62459C36F00FD445E /* 4970-unapproved-cross.json */; };
		1EE5092724596DE700272D84 /* AppDelegate.swift in Sources */ = {isa = PBXBuildFile; fileRef = 1EE5092624596DE700272D84 /* AppDelegate.swift */; };
		1EE5092924596DE700272D84 /* SceneDelegate.swift in Sources */ = {isa = PBXBuildFile; fileRef = 1EE5092824596DE700272D84 /* SceneDelegate.swift */; };
		1EE5092E24596DE700272D84 /* Main.storyboard in Resources */ = {isa = PBXBuildFile; fileRef = 1EE5092C24596DE700272D84 /* Main.storyboard */; };
		1EE5093024596DEB00272D84 /* Assets.xcassets in Resources */ = {isa = PBXBuildFile; fileRef = 1EE5092F24596DEB00272D84 /* Assets.xcassets */; };
		1EE5093324596DEB00272D84 /* LaunchScreen.storyboard in Resources */ = {isa = PBXBuildFile; fileRef = 1EE5093124596DEB00272D84 /* LaunchScreen.storyboard */; };
		1EE5093B24596F6C00272D84 /* GoogleService-Info.plist in Resources */ = {isa = PBXBuildFile; fileRef = 1EE5093A24596F6C00272D84 /* GoogleService-Info.plist */; };
		9CCCAF64C6FC3721D8022A0F /* Pods_IndoorTrackingAppConsumer.framework in Frameworks */ = {isa = PBXBuildFile; fileRef = C6735F1FD7934C7440780FB9 /* Pods_IndoorTrackingAppConsumer.framework */; };
/* End PBXBuildFile section */

/* Begin PBXFileReference section */
		1E9BAF0C24645C6400724DC8 /* Constants.swift */ = {isa = PBXFileReference; lastKnownFileType = sourcecode.swift; path = Constants.swift; sourceTree = "<group>"; };
		1E9BAF0E24645EC200724DC8 /* LocationManager.swift */ = {isa = PBXFileReference; lastKnownFileType = sourcecode.swift; path = LocationManager.swift; sourceTree = "<group>"; };
		1ECA22AB245974E900FD445E /* WelcomeViewController.swift */ = {isa = PBXFileReference; lastKnownFileType = sourcecode.swift; path = WelcomeViewController.swift; sourceTree = "<group>"; };
		1ECA22AD2459853700FD445E /* 19311-reskinned-checkmark.json */ = {isa = PBXFileReference; fileEncoding = 4; lastKnownFileType = text.json; path = "19311-reskinned-checkmark.json"; sourceTree = "<group>"; };
		1ECA22B2245990E500FD445E /* LocationConfirmationViewController.swift */ = {isa = PBXFileReference; lastKnownFileType = sourcecode.swift; path = LocationConfirmationViewController.swift; sourceTree = "<group>"; };
		1ECA22B62459C36F00FD445E /* 4970-unapproved-cross.json */ = {isa = PBXFileReference; fileEncoding = 4; lastKnownFileType = text.json; path = "4970-unapproved-cross.json"; sourceTree = "<group>"; };
		1EE5092324596DE700272D84 /* IndoorTrackingAppConsumer.app */ = {isa = PBXFileReference; explicitFileType = wrapper.application; includeInIndex = 0; path = IndoorTrackingAppConsumer.app; sourceTree = BUILT_PRODUCTS_DIR; };
		1EE5092624596DE700272D84 /* AppDelegate.swift */ = {isa = PBXFileReference; lastKnownFileType = sourcecode.swift; path = AppDelegate.swift; sourceTree = "<group>"; };
		1EE5092824596DE700272D84 /* SceneDelegate.swift */ = {isa = PBXFileReference; lastKnownFileType = sourcecode.swift; path = SceneDelegate.swift; sourceTree = "<group>"; };
		1EE5092D24596DE700272D84 /* Base */ = {isa = PBXFileReference; lastKnownFileType = file.storyboard; name = Base; path = Base.lproj/Main.storyboard; sourceTree = "<group>"; };
		1EE5092F24596DEB00272D84 /* Assets.xcassets */ = {isa = PBXFileReference; lastKnownFileType = folder.assetcatalog; path = Assets.xcassets; sourceTree = "<group>"; };
		1EE5093224596DEB00272D84 /* Base */ = {isa = PBXFileReference; lastKnownFileType = file.storyboard; name = Base; path = Base.lproj/LaunchScreen.storyboard; sourceTree = "<group>"; };
		1EE5093424596DEB00272D84 /* Info.plist */ = {isa = PBXFileReference; lastKnownFileType = text.plist.xml; path = Info.plist; sourceTree = "<group>"; };
		1EE5093A24596F6C00272D84 /* GoogleService-Info.plist */ = {isa = PBXFileReference; fileEncoding = 4; lastKnownFileType = text.plist.xml; path = "GoogleService-Info.plist"; sourceTree = "<group>"; };
		97FD2B17673CBBD8FC092BD7 /* Pods-IndoorTrackingAppConsumer.release.xcconfig */ = {isa = PBXFileReference; includeInIndex = 1; lastKnownFileType = text.xcconfig; name = "Pods-IndoorTrackingAppConsumer.release.xcconfig"; path = "Target Support Files/Pods-IndoorTrackingAppConsumer/Pods-IndoorTrackingAppConsumer.release.xcconfig"; sourceTree = "<group>"; };
		C582204BF0A35851126D8A6A /* Pods-IndoorTrackingAppConsumer.debug.xcconfig */ = {isa = PBXFileReference; includeInIndex = 1; lastKnownFileType = text.xcconfig; name = "Pods-IndoorTrackingAppConsumer.debug.xcconfig"; path = "Target Support Files/Pods-IndoorTrackingAppConsumer/Pods-IndoorTrackingAppConsumer.debug.xcconfig"; sourceTree = "<group>"; };
		C6735F1FD7934C7440780FB9 /* Pods_IndoorTrackingAppConsumer.framework */ = {isa = PBXFileReference; explicitFileType = wrapper.framework; includeInIndex = 0; path = Pods_IndoorTrackingAppConsumer.framework; sourceTree = BUILT_PRODUCTS_DIR; };
/* End PBXFileReference section */

/* Begin PBXFrameworksBuildPhase section */
		1EE5092024596DE700272D84 /* Frameworks */ = {
			isa = PBXFrameworksBuildPhase;
			buildActionMask = 2147483647;
			files = (
				9CCCAF64C6FC3721D8022A0F /* Pods_IndoorTrackingAppConsumer.framework in Frameworks */,
			);
			runOnlyForDeploymentPostprocessing = 0;
		};
/* End PBXFrameworksBuildPhase section */

/* Begin PBXGroup section */
		0451E8CF622A2F550599F67F /* Pods */ = {
			isa = PBXGroup;
			children = (
				C582204BF0A35851126D8A6A /* Pods-IndoorTrackingAppConsumer.debug.xcconfig */,
				97FD2B17673CBBD8FC092BD7 /* Pods-IndoorTrackingAppConsumer.release.xcconfig */,
			);
			path = Pods;
			sourceTree = "<group>";
		};
		1ECA22AF2459907C00FD445E /* Model */ = {
			isa = PBXGroup;
			children = (
				1E9BAF0E24645EC200724DC8 /* LocationManager.swift */,
			);
			path = Model;
			sourceTree = "<group>";
		};
		1ECA22B02459908200FD445E /* View */ = {
			isa = PBXGroup;
			children = (
				1EE5092C24596DE700272D84 /* Main.storyboard */,
			);
			path = View;
			sourceTree = "<group>";
		};
		1ECA22B12459908C00FD445E /* Controller */ = {
			isa = PBXGroup;
			children = (
				1ECA22AB245974E900FD445E /* WelcomeViewController.swift */,
				1ECA22B2245990E500FD445E /* LocationConfirmationViewController.swift */,
			);
			path = Controller;
			sourceTree = "<group>";
		};
		1EE5091A24596DE700272D84 = {
			isa = PBXGroup;
			children = (
				1EE5092524596DE700272D84 /* IndoorTrackingAppConsumer */,
				1EE5092424596DE700272D84 /* Products */,
				0451E8CF622A2F550599F67F /* Pods */,
				8FDE1FEC8B27F2EBD28BD4D5 /* Frameworks */,
			);
			sourceTree = "<group>";
		};
		1EE5092424596DE700272D84 /* Products */ = {
			isa = PBXGroup;
			children = (
				1EE5092324596DE700272D84 /* IndoorTrackingAppConsumer.app */,
			);
			name = Products;
			sourceTree = "<group>";
		};
		1EE5092524596DE700272D84 /* IndoorTrackingAppConsumer */ = {
			isa = PBXGroup;
			children = (
				1ECA22B12459908C00FD445E /* Controller */,
				1ECA22B02459908200FD445E /* View */,
				1ECA22AF2459907C00FD445E /* Model */,
				1EE5092624596DE700272D84 /* AppDelegate.swift */,
				1EE5092824596DE700272D84 /* SceneDelegate.swift */,
				1EE5092F24596DEB00272D84 /* Assets.xcassets */,
				1EE5093124596DEB00272D84 /* LaunchScreen.storyboard */,
				1EE5093424596DEB00272D84 /* Info.plist */,
				1EE5093A24596F6C00272D84 /* GoogleService-Info.plist */,
				1ECA22AD2459853700FD445E /* 19311-reskinned-checkmark.json */,
				1ECA22B62459C36F00FD445E /* 4970-unapproved-cross.json */,
				1E9BAF0C24645C6400724DC8 /* Constants.swift */,
			);
			path = IndoorTrackingAppConsumer;
			sourceTree = "<group>";
		};
		8FDE1FEC8B27F2EBD28BD4D5 /* Frameworks */ = {
			isa = PBXGroup;
			children = (
				C6735F1FD7934C7440780FB9 /* Pods_IndoorTrackingAppConsumer.framework */,
			);
			name = Frameworks;
			sourceTree = "<group>";
		};
/* End PBXGroup section */

/* Begin PBXNativeTarget section */
		1EE5092224596DE700272D84 /* IndoorTrackingAppConsumer */ = {
			isa = PBXNativeTarget;
			buildConfigurationList = 1EE5093724596DEB00272D84 /* Build configuration list for PBXNativeTarget "IndoorTrackingAppConsumer" */;
			buildPhases = (
				65D92D5721B885CFF04B76B8 /* [CP] Check Pods Manifest.lock */,
				1EE5091F24596DE700272D84 /* Sources */,
				1EE5092024596DE700272D84 /* Frameworks */,
				1EE5092124596DE700272D84 /* Resources */,
				4F377A9FDE226F8F9B55FF07 /* [CP] Embed Pods Frameworks */,
			);
			buildRules = (
			);
			dependencies = (
			);
			name = IndoorTrackingAppConsumer;
			productName = IndoorTrackingAppConsumer;
			productReference = 1EE5092324596DE700272D84 /* IndoorTrackingAppConsumer.app */;
			productType = "com.apple.product-type.application";
		};
/* End PBXNativeTarget section */

/* Begin PBXProject section */
		1EE5091B24596DE700272D84 /* Project object */ = {
			isa = PBXProject;
			attributes = {
				LastSwiftUpdateCheck = 1140;
				LastUpgradeCheck = 1140;
				ORGANIZATIONNAME = "Apostolos Pezodromou";
				TargetAttributes = {
					1EE5092224596DE700272D84 = {
						CreatedOnToolsVersion = 11.4.1;
					};
				};
			};
			buildConfigurationList = 1EE5091E24596DE700272D84 /* Build configuration list for PBXProject "IndoorTrackingAppConsumer" */;
			compatibilityVersion = "Xcode 9.3";
			developmentRegion = en;
			hasScannedForEncodings = 0;
			knownRegions = (
				en,
				Base,
			);
			mainGroup = 1EE5091A24596DE700272D84;
			productRefGroup = 1EE5092424596DE700272D84 /* Products */;
			projectDirPath = "";
			projectRoot = "";
			targets = (
				1EE5092224596DE700272D84 /* IndoorTrackingAppConsumer */,
			);
		};
/* End PBXProject section */

/* Begin PBXResourcesBuildPhase section */
		1EE5092124596DE700272D84 /* Resources */ = {
			isa = PBXResourcesBuildPhase;
			buildActionMask = 2147483647;
			files = (
				1EE5093324596DEB00272D84 /* LaunchScreen.storyboard in Resources */,
				1ECA22AE2459853700FD445E /* 19311-reskinned-checkmark.json in Resources */,
				1EE5093B24596F6C00272D84 /* GoogleService-Info.plist in Resources */,
				1EE5093024596DEB00272D84 /* Assets.xcassets in Resources */,
				1ECA22B72459C36F00FD445E /* 4970-unapproved-cross.json in Resources */,
				1EE5092E24596DE700272D84 /* Main.storyboard in Resources */,
			);
			runOnlyForDeploymentPostprocessing = 0;
		};
/* End PBXResourcesBuildPhase section */

/* Begin PBXShellScriptBuildPhase section */
		4F377A9FDE226F8F9B55FF07 /* [CP] Embed Pods Frameworks */ = {
			isa = PBXShellScriptBuildPhase;
			buildActionMask = 2147483647;
			files = (
			);
			inputFileListPaths = (
				"${PODS_ROOT}/Target Support Files/Pods-IndoorTrackingAppConsumer/Pods-IndoorTrackingAppConsumer-frameworks-${CONFIGURATION}-input-files.xcfilelist",
			);
			name = "[CP] Embed Pods Frameworks";
			outputFileListPaths = (
				"${PODS_ROOT}/Target Support Files/Pods-IndoorTrackingAppConsumer/Pods-IndoorTrackingAppConsumer-frameworks-${CONFIGURATION}-output-files.xcfilelist",
			);
			runOnlyForDeploymentPostprocessing = 0;
			shellPath = /bin/sh;
			shellScript = "\"${PODS_ROOT}/Target Support Files/Pods-IndoorTrackingAppConsumer/Pods-IndoorTrackingAppConsumer-frameworks.sh\"\n";
			showEnvVarsInLog = 0;
		};
		65D92D5721B885CFF04B76B8 /* [CP] Check Pods Manifest.lock */ = {
			isa = PBXShellScriptBuildPhase;
			buildActionMask = 2147483647;
			files = (
			);
			inputFileListPaths = (
			);
			inputPaths = (
				"${PODS_PODFILE_DIR_PATH}/Podfile.lock",
				"${PODS_ROOT}/Manifest.lock",
			);
			name = "[CP] Check Pods Manifest.lock";
			outputFileListPaths = (
			);
			outputPaths = (
				"$(DERIVED_FILE_DIR)/Pods-IndoorTrackingAppConsumer-checkManifestLockResult.txt",
			);
			runOnlyForDeploymentPostprocessing = 0;
			shellPath = /bin/sh;
			shellScript = "diff \"${PODS_PODFILE_DIR_PATH}/Podfile.lock\" \"${PODS_ROOT}/Manifest.lock\" > /dev/null\nif [ $? != 0 ] ; then\n    # print error to STDERR\n    echo \"error: The sandbox is not in sync with the Podfile.lock. Run 'pod install' or update your CocoaPods installation.\" >&2\n    exit 1\nfi\n# This output is used by Xcode 'outputs' to avoid re-running this script phase.\necho \"SUCCESS\" > \"${SCRIPT_OUTPUT_FILE_0}\"\n";
			showEnvVarsInLog = 0;
		};
/* End PBXShellScriptBuildPhase section */

/* Begin PBXSourcesBuildPhase section */
		1EE5091F24596DE700272D84 /* Sources */ = {
			isa = PBXSourcesBuildPhase;
			buildActionMask = 2147483647;
			files = (
				1E9BAF0D24645C6400724DC8 /* Constants.swift in Sources */,
				1ECA22B3245990E500FD445E /* LocationConfirmationViewController.swift in Sources */,
				1E9BAF0F24645EC200724DC8 /* LocationManager.swift in Sources */,
				1ECA22AC245974E900FD445E /* WelcomeViewController.swift in Sources */,
				1EE5092724596DE700272D84 /* AppDelegate.swift in Sources */,
				1EE5092924596DE700272D84 /* SceneDelegate.swift in Sources */,
			);
			runOnlyForDeploymentPostprocessing = 0;
		};
/* End PBXSourcesBuildPhase section */

/* Begin PBXVariantGroup section */
		1EE5092C24596DE700272D84 /* Main.storyboard */ = {
			isa = PBXVariantGroup;
			children = (
				1EE5092D24596DE700272D84 /* Base */,
			);
			name = Main.storyboard;
			sourceTree = "<group>";
		};
		1EE5093124596DEB00272D84 /* LaunchScreen.storyboard */ = {
			isa = PBXVariantGroup;
			children = (
				1EE5093224596DEB00272D84 /* Base */,
			);
			name = LaunchScreen.storyboard;
			sourceTree = "<group>";
		};
/* End PBXVariantGroup section */

/* Begin XCBuildConfiguration section */
		1EE5093524596DEB00272D84 /* Debug */ = {
			isa = XCBuildConfiguration;
			buildSettings = {
				ALWAYS_SEARCH_USER_PATHS = NO;
				CLANG_ANALYZER_NONNULL = YES;
				CLANG_ANALYZER_NUMBER_OBJECT_CONVERSION = YES_AGGRESSIVE;
				CLANG_CXX_LANGUAGE_STANDARD = "gnu++14";
				CLANG_CXX_LIBRARY = "libc++";
				CLANG_ENABLE_MODULES = YES;
				CLANG_ENABLE_OBJC_ARC = YES;
				CLANG_ENABLE_OBJC_WEAK = YES;
				CLANG_WARN_BLOCK_CAPTURE_AUTORELEASING = YES;
				CLANG_WARN_BOOL_CONVERSION = YES;
				CLANG_WARN_COMMA = YES;
				CLANG_WARN_CONSTANT_CONVERSION = YES;
				CLANG_WARN_DEPRECATED_OBJC_IMPLEMENTATIONS = YES;
				CLANG_WARN_DIRECT_OBJC_ISA_USAGE = YES_ERROR;
				CLANG_WARN_DOCUMENTATION_COMMENTS = YES;
				CLANG_WARN_EMPTY_BODY = YES;
				CLANG_WARN_ENUM_CONVERSION = YES;
				CLANG_WARN_INFINITE_RECURSION = YES;
				CLANG_WARN_INT_CONVERSION = YES;
				CLANG_WARN_NON_LITERAL_NULL_CONVERSION = YES;
				CLANG_WARN_OBJC_IMPLICIT_RETAIN_SELF = YES;
				CLANG_WARN_OBJC_LITERAL_CONVERSION = YES;
				CLANG_WARN_OBJC_ROOT_CLASS = YES_ERROR;
				CLANG_WARN_RANGE_LOOP_ANALYSIS = YES;
				CLANG_WARN_STRICT_PROTOTYPES = YES;
				CLANG_WARN_SUSPICIOUS_MOVE = YES;
				CLANG_WARN_UNGUARDED_AVAILABILITY = YES_AGGRESSIVE;
				CLANG_WARN_UNREACHABLE_CODE = YES;
				CLANG_WARN__DUPLICATE_METHOD_MATCH = YES;
				COPY_PHASE_STRIP = NO;
				DEBUG_INFORMATION_FORMAT = dwarf;
				ENABLE_STRICT_OBJC_MSGSEND = YES;
				ENABLE_TESTABILITY = YES;
				GCC_C_LANGUAGE_STANDARD = gnu11;
				GCC_DYNAMIC_NO_PIC = NO;
				GCC_NO_COMMON_BLOCKS = YES;
				GCC_OPTIMIZATION_LEVEL = 0;
				GCC_PREPROCESSOR_DEFINITIONS = (
					"DEBUG=1",
					"$(inherited)",
				);
				GCC_WARN_64_TO_32_BIT_CONVERSION = YES;
				GCC_WARN_ABOUT_RETURN_TYPE = YES_ERROR;
				GCC_WARN_UNDECLARED_SELECTOR = YES;
				GCC_WARN_UNINITIALIZED_AUTOS = YES_AGGRESSIVE;
				GCC_WARN_UNUSED_FUNCTION = YES;
				GCC_WARN_UNUSED_VARIABLE = YES;
				IPHONEOS_DEPLOYMENT_TARGET = 13.4;
				MTL_ENABLE_DEBUG_INFO = INCLUDE_SOURCE;
				MTL_FAST_MATH = YES;
				ONLY_ACTIVE_ARCH = YES;
				SDKROOT = iphoneos;
				SWIFT_ACTIVE_COMPILATION_CONDITIONS = DEBUG;
				SWIFT_OPTIMIZATION_LEVEL = "-Onone";
			};
			name = Debug;
		};
		1EE5093624596DEB00272D84 /* Release */ = {
			isa = XCBuildConfiguration;
			buildSettings = {
				ALWAYS_SEARCH_USER_PATHS = NO;
				CLANG_ANALYZER_NONNULL = YES;
				CLANG_ANALYZER_NUMBER_OBJECT_CONVERSION = YES_AGGRESSIVE;
				CLANG_CXX_LANGUAGE_STANDARD = "gnu++14";
				CLANG_CXX_LIBRARY = "libc++";
				CLANG_ENABLE_MODULES = YES;
				CLANG_ENABLE_OBJC_ARC = YES;
				CLANG_ENABLE_OBJC_WEAK = YES;
				CLANG_WARN_BLOCK_CAPTURE_AUTORELEASING = YES;
				CLANG_WARN_BOOL_CONVERSION = YES;
				CLANG_WARN_COMMA = YES;
				CLANG_WARN_CONSTANT_CONVERSION = YES;
				CLANG_WARN_DEPRECATED_OBJC_IMPLEMENTATIONS = YES;
				CLANG_WARN_DIRECT_OBJC_ISA_USAGE = YES_ERROR;
				CLANG_WARN_DOCUMENTATION_COMMENTS = YES;
				CLANG_WARN_EMPTY_BODY = YES;
				CLANG_WARN_ENUM_CONVERSION = YES;
				CLANG_WARN_INFINITE_RECURSION = YES;
				CLANG_WARN_INT_CONVERSION = YES;
				CLANG_WARN_NON_LITERAL_NULL_CONVERSION = YES;
				CLANG_WARN_OBJC_IMPLICIT_RETAIN_SELF = YES;
				CLANG_WARN_OBJC_LITERAL_CONVERSION = YES;
				CLANG_WARN_OBJC_ROOT_CLASS = YES_ERROR;
				CLANG_WARN_RANGE_LOOP_ANALYSIS = YES;
				CLANG_WARN_STRICT_PROTOTYPES = YES;
				CLANG_WARN_SUSPICIOUS_MOVE = YES;
				CLANG_WARN_UNGUARDED_AVAILABILITY = YES_AGGRESSIVE;
				CLANG_WARN_UNREACHABLE_CODE = YES;
				CLANG_WARN__DUPLICATE_METHOD_MATCH = YES;
				COPY_PHASE_STRIP = NO;
				DEBUG_INFORMATION_FORMAT = "dwarf-with-dsym";
				ENABLE_NS_ASSERTIONS = NO;
				ENABLE_STRICT_OBJC_MSGSEND = YES;
				GCC_C_LANGUAGE_STANDARD = gnu11;
				GCC_NO_COMMON_BLOCKS = YES;
				GCC_WARN_64_TO_32_BIT_CONVERSION = YES;
				GCC_WARN_ABOUT_RETURN_TYPE = YES_ERROR;
				GCC_WARN_UNDECLARED_SELECTOR = YES;
				GCC_WARN_UNINITIALIZED_AUTOS = YES_AGGRESSIVE;
				GCC_WARN_UNUSED_FUNCTION = YES;
				GCC_WARN_UNUSED_VARIABLE = YES;
				IPHONEOS_DEPLOYMENT_TARGET = 13.4;
				MTL_ENABLE_DEBUG_INFO = NO;
				MTL_FAST_MATH = YES;
				SDKROOT = iphoneos;
				SWIFT_COMPILATION_MODE = wholemodule;
				SWIFT_OPTIMIZATION_LEVEL = "-O";
				VALIDATE_PRODUCT = YES;
			};
			name = Release;
		};
		1EE5093824596DEB00272D84 /* Debug */ = {
			isa = XCBuildConfiguration;
			baseConfigurationReference = C582204BF0A35851126D8A6A /* Pods-IndoorTrackingAppConsumer.debug.xcconfig */;
			buildSettings = {
				ASSETCATALOG_COMPILER_APPICON_NAME = AppIcon;
				CODE_SIGN_STYLE = Automatic;
				DEVELOPMENT_TEAM = 622XFR4289;
				INFOPLIST_FILE = IndoorTrackingAppConsumer/Info.plist;
				LD_RUNPATH_SEARCH_PATHS = (
					"$(inherited)",
					"@executable_path/Frameworks",
				);
				PRODUCT_BUNDLE_IDENTIFIER = com.IndoorTrackingAppConsumer.IndoorTrackingAppConsumer;
				PRODUCT_NAME = "$(TARGET_NAME)";
				SWIFT_VERSION = 5.0;
				TARGETED_DEVICE_FAMILY = "1,2";
			};
			name = Debug;
		};
		1EE5093924596DEB00272D84 /* Release */ = {
			isa = XCBuildConfiguration;
			baseConfigurationReference = 97FD2B17673CBBD8FC092BD7 /* Pods-IndoorTrackingAppConsumer.release.xcconfig */;
			buildSettings = {
				ASSETCATALOG_COMPILER_APPICON_NAME = AppIcon;
				CODE_SIGN_STYLE = Automatic;
				DEVELOPMENT_TEAM = 622XFR4289;
				INFOPLIST_FILE = IndoorTrackingAppConsumer/Info.plist;
				LD_RUNPATH_SEARCH_PATHS = (
					"$(inherited)",
					"@executable_path/Frameworks",
				);
				PRODUCT_BUNDLE_IDENTIFIER = com.IndoorTrackingAppConsumer.IndoorTrackingAppConsumer;
				PRODUCT_NAME = "$(TARGET_NAME)";
				SWIFT_VERSION = 5.0;
				TARGETED_DEVICE_FAMILY = "1,2";
			};
			name = Release;
		};
/* End XCBuildConfiguration section */

/* Begin XCConfigurationList section */
		1EE5091E24596DE700272D84 /* Build configuration list for PBXProject "IndoorTrackingAppConsumer" */ = {
			isa = XCConfigurationList;
			buildConfigurations = (
				1EE5093524596DEB00272D84 /* Debug */,
				1EE5093624596DEB00272D84 /* Release */,
			);
			defaultConfigurationIsVisible = 0;
			defaultConfigurationName = Release;
		};
		1EE5093724596DEB00272D84 /* Build configuration list for PBXNativeTarget "IndoorTrackingAppConsumer" */ = {
			isa = XCConfigurationList;
			buildConfigurations = (
				1EE5093824596DEB00272D84 /* Debug */,
				1EE5093924596DEB00272D84 /* Release */,
			);
			defaultConfigurationIsVisible = 0;
			defaultConfigurationName = Release;
		};
/* End XCConfigurationList section */
	};
	rootObject = 1EE5091B24596DE700272D84 /* Project object */;
}
